
Microsoft Visual Studio Solution File, Format Version 12.00
# Visual Studio Version 16
VisualStudioVersion = 16.0.32228.343
MinimumVisualStudioVersion = 10.0.40219.1
Project("{2150E333-8FDC-42A3-9474-1A3956D46DE8}") = "Sample", "Sample", "{0E928ACE-20FC-459C-941C-4054B5A6C4F9}"
EndProject
Project("{FAE04EC0-301F-11D3-BF4B-00C04F79EFBC}") = "ConsoleApp0411", "Sample\ConsoleApp0411\ConsoleApp0411.csproj", "{67372B28-31C8-4A82-955C-C8EAAFBF4BDB}"
EndProject
Project("{FAE04EC0-301F-11D3-BF4B-00C04F79EFBC}") = "WindowsFormsApp1", "Sample\WindowsFormsApp1\WindowsFormsApp1.csproj", "{01A48FA4-DC52-41F2-9C71-FD7DB150B657}"
EndProject
Project("{FAE04EC0-301F-11D3-BF4B-00C04F79EFBC}") = "BallApp", "Sample\BallApp\BallApp.csproj", "{2FDE33C5-FF08-4100-BDDF-709378E426BC}"
EndProject
Project("{2150E333-8FDC-42A3-9474-1A3956D46DE8}") = "chapter01", "chapter01", "{49148B35-F723-4BEC-81E4-D2703A8FB46A}"
EndProject
Project("{FAE04EC0-301F-11D3-BF4B-00C04F79EFBC}") = "ProductSample", "Chapter01\Product\ProductSample.csproj", "{C24292FF-083C-4FFD-A85E-36F2BBF54DDC}"
EndProject
Project("{2150E333-8FDC-42A3-9474-1A3956D46DE8}") = "chapter02", "chapter02", "{E999BFC9-0754-4425-8182-7D3E817F2D37}"
EndProject
Project("{2150E333-8FDC-42A3-9474-1A3956D46DE8}") = "距離換算プログラム", "距離換算プログラム", "{0CEB4293-C71A-4DF6-BE8D-D8ACF2FAC2D3}"
EndProject
Project("{FAE04EC0-301F-11D3-BF4B-00C04F79EFBC}") = "DistanceConverter", "Chapter02\距離換算プログラム\DistanceConverter\DistanceConverter.csproj", "{C386E0AD-7853-4252-9720-1E4A0E8BC383}"
EndProject
Project("{2150E333-8FDC-42A3-9474-1A3956D46DE8}") = "売上集計プログラム", "売上集計プログラム", "{B2680C9A-1E23-4481-B60F-A5AE13D67AFF}"
EndProject
Project("{FAE04EC0-301F-11D3-BF4B-00C04F79EFBC}") = "SalesCalculator", "Chapter02\売り上げ集計プログラム\SalesCalculator\SalesCalculator.csproj", "{32D9065A-EE15-4A2F-9140-142D915F8534}"
EndProject
Project("{2150E333-8FDC-42A3-9474-1A3956D46DE8}") = "演習問題", "演習問題", "{ACD40562-AC05-4C6F-8A6F-23F30FA9997E}"
EndProject
Project("{FAE04EC0-301F-11D3-BF4B-00C04F79EFBC}") = "Exercise01", "Chapter02\演習問題\Exercise01\Exercise01.csproj", "{CBFF3A24-B20F-4439-A1A5-C93B6011EED2}"
EndProject
Project("{FAE04EC0-301F-11D3-BF4B-00C04F79EFBC}") = "Exercise02", "Chapter02\演習問題\Exercise02\Exercise02.csproj", "{9EFAC253-EEED-4289-927C-FD74528CD2FE}"
EndProject
Project("{FAE04EC0-301F-11D3-BF4B-00C04F79EFBC}") = "Exercise03", "Chapter02\演習問題\Exercise03\Exercise03.csproj", "{BA6387ED-F096-4D24-B4FE-4A0A94DDF37A}"
EndProject
Project("{2150E333-8FDC-42A3-9474-1A3956D46DE8}") = "Chapter03", "Chapter03", "{79A2F971-8FDD-4BC3-9679-BE9AD35C10E0}"
EndProject
Project("{FAE04EC0-301F-11D3-BF4B-00C04F79EFBC}") = "Section01", "Chapter03\Section01\Section01.csproj", "{3ADC3F06-B2D2-4942-AFCE-5973B4B679F9}"
EndProject
Project("{FAE04EC0-301F-11D3-BF4B-00C04F79EFBC}") = "Section03", "Chapter03\Section03\Section03.csproj", "{49130605-E425-4B45-9726-A82E2869DDCF}"
EndProject
Project("{FAE04EC0-301F-11D3-BF4B-00C04F79EFBC}") = "Section04", "Chapter03\Section04\Section04.csproj", "{D4CE9A5E-1D2A-443C-883D-F944AB48C368}"
EndProject
Project("{2150E333-8FDC-42A3-9474-1A3956D46DE8}") = "演習問題", "演習問題", "{719E9987-E6CB-4563-B45A-94D1F2E49475}"
EndProject
Project("{FAE04EC0-301F-11D3-BF4B-00C04F79EFBC}") = "Exercise01", "Chapter03\演習問題\Exercise01\Exercise01.csproj", "{22E5EE6E-C4A9-4DCF-8A10-DE2486D2AF9B}"
EndProject
Project("{FAE04EC0-301F-11D3-BF4B-00C04F79EFBC}") = "Exercise02", "Chapter03\演習問題\Exercise02\Exercise02.csproj", "{8107E347-BCC2-4413-9A4A-EF5E3CADE191}"
EndProject
Project("{2150E333-8FDC-42A3-9474-1A3956D46DE8}") = "Chapter04", "Chapter04", "{7D4B2BDA-5CBD-4AB0-B046-DC1E739F22F7}"
EndProject
Project("{2150E333-8FDC-42A3-9474-1A3956D46DE8}") = "条件演算子・null合体演算子", "条件演算子・null合体演算子", "{CFCBE932-DC3D-416F-9540-8F024BF75801}"
EndProject
Project("{FAE04EC0-301F-11D3-BF4B-00C04F79EFBC}") = "Section04", "Chapter04\条件演算子・null合体演算子\Section04\Section04.csproj", "{51DB40A2-ADD3-4CD8-8F2A-675B3589E1E7}"
EndProject
Project("{2150E333-8FDC-42A3-9474-1A3956D46DE8}") = "TryParse", "TryParse", "{695D226C-6EFC-42E0-BBBC-82F2C0FC142C}"
EndProject
Project("{FAE04EC0-301F-11D3-BF4B-00C04F79EFBC}") = "Section07", "Chapter04\TryParse\Section07\Section07.csproj", "{90113E96-B6E2-42E5-855C-C729A7346DDA}"
EndProject
Project("{2150E333-8FDC-42A3-9474-1A3956D46DE8}") = "演習問題", "演習問題", "{59E1AC66-A083-4EF7-8297-3C46810B3F77}"
EndProject
Project("{FAE04EC0-301F-11D3-BF4B-00C04F79EFBC}") = "Exercise01", "Chapter04\演習問題\Exercise01\Exercise01.csproj", "{EB398B5F-BB48-46CC-9335-4FE6361FCFCE}"
EndProject
Project("{2150E333-8FDC-42A3-9474-1A3956D46DE8}") = "Chapter05", "Chapter05", "{332691F6-E80C-4BC3-B0FA-5B55EA2E7661}"
EndProject
Project("{2150E333-8FDC-42A3-9474-1A3956D46DE8}") = "演習問題", "演習問題", "{CD23DBEC-BBA3-4426-B7F6-77AD14DD197D}"
EndProject
Project("{FAE04EC0-301F-11D3-BF4B-00C04F79EFBC}") = "Exercise01", "Chapter05\演習問題\Exercise01\Exercise01.csproj", "{5A9517BF-06EE-48F5-BA04-42DF1C787BCF}"
EndProject
Project("{FAE04EC0-301F-11D3-BF4B-00C04F79EFBC}") = "Exercise02", "Chapter05\演習問題\Exercise02\Exercise02.csproj", "{775E4969-2992-4885-B60B-913DB286F515}"
EndProject
Project("{FAE04EC0-301F-11D3-BF4B-00C04F79EFBC}") = "Exercise02", "Chapter04\演習問題\Exercise02\Exercise02.csproj", "{66F7D016-859A-4EDD-9089-C464E8943D1B}"
EndProject
Project("{FAE04EC0-301F-11D3-BF4B-00C04F79EFBC}") = "Exercise03", "Chapter05\演習問題\Exercise03\Exercise03.csproj", "{08043D0E-691A-4F86-BA2F-27B3971B8C40}"
EndProject
Project("{FAE04EC0-301F-11D3-BF4B-00C04F79EFBC}") = "Exercise04", "Chapter05\演習問題\Exercise04\Exercise04.csproj", "{61A08BFB-63F1-4AC5-9888-117559C468BF}"
EndProject
Project("{2150E333-8FDC-42A3-9474-1A3956D46DE8}") = "Chapter06", "Chapter06", "{91E56F51-3B61-4484-8FF1-238F7CA9253E}"
EndProject
Project("{FAE04EC0-301F-11D3-BF4B-00C04F79EFBC}") = "Section01", "Chapter06\Section01\Section01.csproj", "{EB25D461-4F41-407C-8589-C349E8602BE2}"
EndProject
Project("{FAE04EC0-301F-11D3-BF4B-00C04F79EFBC}") = "Section02", "Chapter06\Section02\Section02.csproj", "{14993BC6-D301-4373-8FDB-743072A3B278}"
EndProject
Project("{2150E333-8FDC-42A3-9474-1A3956D46DE8}") = "演習問題", "演習問題", "{053CAB0E-C241-4462-9A01-5C146EF5618A}"
EndProject
Project("{FAE04EC0-301F-11D3-BF4B-00C04F79EFBC}") = "Exercise01", "Chapter06\演習問題\Exercise01\Exercise01.csproj", "{21DEBB7F-5993-41A4-BB6B-82161B6ACBD6}"
EndProject
Project("{FAE04EC0-301F-11D3-BF4B-00C04F79EFBC}") = "Exercise02", "Chapter06\演習問題\Exercise02\Exercise02.csproj", "{8522C534-6030-4CA7-A2C7-79643D6EC939}"
EndProject
Project("{2150E333-8FDC-42A3-9474-1A3956D46DE8}") = "試験01", "試験01", "{0D5AB037-2D46-43D5-BBCA-ABE767F7F84E}"
EndProject
Project("{FAE04EC0-301F-11D3-BF4B-00C04F79EFBC}") = "Test01", "TestProject\Test01\Test01.csproj", "{2BFACDC3-F44D-4199-8498-F5C3C4AC0335}"
EndProject
Project("{FAE04EC0-301F-11D3-BF4B-00C04F79EFBC}") = "Test02", "TestProject\Test02\Test02.csproj", "{E461C0A8-8900-485C-B520-E929BA33F712}"
EndProject
Project("{2150E333-8FDC-42A3-9474-1A3956D46DE8}") = "Chapter07", "Chapter07", "{CB086DC2-B18A-4921-A6AD-EFF43AC262E0}"
EndProject
Project("{FAE04EC0-301F-11D3-BF4B-00C04F79EFBC}") = "Section01", "Chapter07\Section01\Section01.csproj", "{41DC0404-49F7-4EEB-9755-DDC195B14DA7}"
EndProject
Project("{FAE04EC0-301F-11D3-BF4B-00C04F79EFBC}") = "Section02", "Chapter07\Section02\Section02.csproj", "{A5A90CD5-8EDE-40D8-ABE6-0D50AEA6DFAC}"
EndProject
Project("{2150E333-8FDC-42A3-9474-1A3956D46DE8}") = "演習問題", "演習問題", "{640EAA7C-E37E-4DEE-87A0-2511FBD53A4C}"
EndProject
Project("{FAE04EC0-301F-11D3-BF4B-00C04F79EFBC}") = "Section03", "Chapter07\Section03\Section03.csproj", "{1A0A283C-6A05-4540-8B0A-57DA9C95C09A}"
EndProject
Project("{FAE04EC0-301F-11D3-BF4B-00C04F79EFBC}") = "Exercise01", "Chapter07\演習問題\Exercise01\Exercise01.csproj", "{40784F93-6555-47CE-B247-89983733DEB2}"
EndProject
Project("{FAE04EC0-301F-11D3-BF4B-00C04F79EFBC}") = "Exercise02", "Chapter07\演習問題\Exercise02\Exercise02.csproj", "{72B9C5A5-EF5D-4A5C-92E8-B1676A362744}"
EndProject
Project("{2150E333-8FDC-42A3-9474-1A3956D46DE8}") = "Chapter08", "Chapter08", "{C84A22CC-C782-490C-A20A-D004F62A2D12}"
EndProject
Project("{2150E333-8FDC-42A3-9474-1A3956D46DE8}") = "演習問題", "演習問題", "{9FFE85EE-D681-431A-A40F-8AF989940960}"
EndProject
Project("{FAE04EC0-301F-11D3-BF4B-00C04F79EFBC}") = "Exercise01", "Chapter08\演習問題\Exercise01\Exercise01.csproj", "{EA1646AB-6C84-461A-9C64-A63492837742}"
EndProject
Project("{FAE04EC0-301F-11D3-BF4B-00C04F79EFBC}") = "Exercise02", "Chapter08\演習問題\Exercise02\Exercise02.csproj", "{1DBC43B5-44E7-4D93-82E1-B7AE1F1537BB}"
EndProject
Global
	GlobalSection(SolutionConfigurationPlatforms) = preSolution
		Debug|Any CPU = Debug|Any CPU
		Release|Any CPU = Release|Any CPU
	EndGlobalSection
	GlobalSection(ProjectConfigurationPlatforms) = postSolution
		{67372B28-31C8-4A82-955C-C8EAAFBF4BDB}.Debug|Any CPU.ActiveCfg = Debug|Any CPU
		{67372B28-31C8-4A82-955C-C8EAAFBF4BDB}.Debug|Any CPU.Build.0 = Debug|Any CPU
		{67372B28-31C8-4A82-955C-C8EAAFBF4BDB}.Release|Any CPU.ActiveCfg = Release|Any CPU
		{67372B28-31C8-4A82-955C-C8EAAFBF4BDB}.Release|Any CPU.Build.0 = Release|Any CPU
		{01A48FA4-DC52-41F2-9C71-FD7DB150B657}.Debug|Any CPU.ActiveCfg = Debug|Any CPU
		{01A48FA4-DC52-41F2-9C71-FD7DB150B657}.Debug|Any CPU.Build.0 = Debug|Any CPU
		{01A48FA4-DC52-41F2-9C71-FD7DB150B657}.Release|Any CPU.ActiveCfg = Release|Any CPU
		{01A48FA4-DC52-41F2-9C71-FD7DB150B657}.Release|Any CPU.Build.0 = Release|Any CPU
		{2FDE33C5-FF08-4100-BDDF-709378E426BC}.Debug|Any CPU.ActiveCfg = Debug|Any CPU
		{2FDE33C5-FF08-4100-BDDF-709378E426BC}.Debug|Any CPU.Build.0 = Debug|Any CPU
		{2FDE33C5-FF08-4100-BDDF-709378E426BC}.Release|Any CPU.ActiveCfg = Release|Any CPU
		{2FDE33C5-FF08-4100-BDDF-709378E426BC}.Release|Any CPU.Build.0 = Release|Any CPU
		{C24292FF-083C-4FFD-A85E-36F2BBF54DDC}.Debug|Any CPU.ActiveCfg = Debug|Any CPU
		{C24292FF-083C-4FFD-A85E-36F2BBF54DDC}.Debug|Any CPU.Build.0 = Debug|Any CPU
		{C24292FF-083C-4FFD-A85E-36F2BBF54DDC}.Release|Any CPU.ActiveCfg = Release|Any CPU
		{C24292FF-083C-4FFD-A85E-36F2BBF54DDC}.Release|Any CPU.Build.0 = Release|Any CPU
		{C386E0AD-7853-4252-9720-1E4A0E8BC383}.Debug|Any CPU.ActiveCfg = Debug|Any CPU
		{C386E0AD-7853-4252-9720-1E4A0E8BC383}.Debug|Any CPU.Build.0 = Debug|Any CPU
		{C386E0AD-7853-4252-9720-1E4A0E8BC383}.Release|Any CPU.ActiveCfg = Release|Any CPU
		{C386E0AD-7853-4252-9720-1E4A0E8BC383}.Release|Any CPU.Build.0 = Release|Any CPU
		{32D9065A-EE15-4A2F-9140-142D915F8534}.Debug|Any CPU.ActiveCfg = Debug|Any CPU
		{32D9065A-EE15-4A2F-9140-142D915F8534}.Debug|Any CPU.Build.0 = Debug|Any CPU
		{32D9065A-EE15-4A2F-9140-142D915F8534}.Release|Any CPU.ActiveCfg = Release|Any CPU
		{32D9065A-EE15-4A2F-9140-142D915F8534}.Release|Any CPU.Build.0 = Release|Any CPU
		{CBFF3A24-B20F-4439-A1A5-C93B6011EED2}.Debug|Any CPU.ActiveCfg = Debug|Any CPU
		{CBFF3A24-B20F-4439-A1A5-C93B6011EED2}.Debug|Any CPU.Build.0 = Debug|Any CPU
		{CBFF3A24-B20F-4439-A1A5-C93B6011EED2}.Release|Any CPU.ActiveCfg = Release|Any CPU
		{CBFF3A24-B20F-4439-A1A5-C93B6011EED2}.Release|Any CPU.Build.0 = Release|Any CPU
		{9EFAC253-EEED-4289-927C-FD74528CD2FE}.Debug|Any CPU.ActiveCfg = Debug|Any CPU
		{9EFAC253-EEED-4289-927C-FD74528CD2FE}.Debug|Any CPU.Build.0 = Debug|Any CPU
		{9EFAC253-EEED-4289-927C-FD74528CD2FE}.Release|Any CPU.ActiveCfg = Release|Any CPU
		{9EFAC253-EEED-4289-927C-FD74528CD2FE}.Release|Any CPU.Build.0 = Release|Any CPU
		{BA6387ED-F096-4D24-B4FE-4A0A94DDF37A}.Debug|Any CPU.ActiveCfg = Debug|Any CPU
		{BA6387ED-F096-4D24-B4FE-4A0A94DDF37A}.Debug|Any CPU.Build.0 = Debug|Any CPU
		{BA6387ED-F096-4D24-B4FE-4A0A94DDF37A}.Release|Any CPU.ActiveCfg = Release|Any CPU
		{BA6387ED-F096-4D24-B4FE-4A0A94DDF37A}.Release|Any CPU.Build.0 = Release|Any CPU
		{3ADC3F06-B2D2-4942-AFCE-5973B4B679F9}.Debug|Any CPU.ActiveCfg = Debug|Any CPU
		{3ADC3F06-B2D2-4942-AFCE-5973B4B679F9}.Debug|Any CPU.Build.0 = Debug|Any CPU
		{3ADC3F06-B2D2-4942-AFCE-5973B4B679F9}.Release|Any CPU.ActiveCfg = Release|Any CPU
		{3ADC3F06-B2D2-4942-AFCE-5973B4B679F9}.Release|Any CPU.Build.0 = Release|Any CPU
		{49130605-E425-4B45-9726-A82E2869DDCF}.Debug|Any CPU.ActiveCfg = Debug|Any CPU
		{49130605-E425-4B45-9726-A82E2869DDCF}.Debug|Any CPU.Build.0 = Debug|Any CPU
		{49130605-E425-4B45-9726-A82E2869DDCF}.Release|Any CPU.ActiveCfg = Release|Any CPU
		{49130605-E425-4B45-9726-A82E2869DDCF}.Release|Any CPU.Build.0 = Release|Any CPU
		{D4CE9A5E-1D2A-443C-883D-F944AB48C368}.Debug|Any CPU.ActiveCfg = Debug|Any CPU
		{D4CE9A5E-1D2A-443C-883D-F944AB48C368}.Debug|Any CPU.Build.0 = Debug|Any CPU
		{D4CE9A5E-1D2A-443C-883D-F944AB48C368}.Release|Any CPU.ActiveCfg = Release|Any CPU
		{D4CE9A5E-1D2A-443C-883D-F944AB48C368}.Release|Any CPU.Build.0 = Release|Any CPU
		{22E5EE6E-C4A9-4DCF-8A10-DE2486D2AF9B}.Debug|Any CPU.ActiveCfg = Debug|Any CPU
		{22E5EE6E-C4A9-4DCF-8A10-DE2486D2AF9B}.Debug|Any CPU.Build.0 = Debug|Any CPU
		{22E5EE6E-C4A9-4DCF-8A10-DE2486D2AF9B}.Release|Any CPU.ActiveCfg = Release|Any CPU
		{22E5EE6E-C4A9-4DCF-8A10-DE2486D2AF9B}.Release|Any CPU.Build.0 = Release|Any CPU
		{8107E347-BCC2-4413-9A4A-EF5E3CADE191}.Debug|Any CPU.ActiveCfg = Debug|Any CPU
		{8107E347-BCC2-4413-9A4A-EF5E3CADE191}.Debug|Any CPU.Build.0 = Debug|Any CPU
		{8107E347-BCC2-4413-9A4A-EF5E3CADE191}.Release|Any CPU.ActiveCfg = Release|Any CPU
		{8107E347-BCC2-4413-9A4A-EF5E3CADE191}.Release|Any CPU.Build.0 = Release|Any CPU
		{51DB40A2-ADD3-4CD8-8F2A-675B3589E1E7}.Debug|Any CPU.ActiveCfg = Debug|Any CPU
		{51DB40A2-ADD3-4CD8-8F2A-675B3589E1E7}.Debug|Any CPU.Build.0 = Debug|Any CPU
		{51DB40A2-ADD3-4CD8-8F2A-675B3589E1E7}.Release|Any CPU.ActiveCfg = Release|Any CPU
		{51DB40A2-ADD3-4CD8-8F2A-675B3589E1E7}.Release|Any CPU.Build.0 = Release|Any CPU
		{90113E96-B6E2-42E5-855C-C729A7346DDA}.Debug|Any CPU.ActiveCfg = Debug|Any CPU
		{90113E96-B6E2-42E5-855C-C729A7346DDA}.Debug|Any CPU.Build.0 = Debug|Any CPU
		{90113E96-B6E2-42E5-855C-C729A7346DDA}.Release|Any CPU.ActiveCfg = Release|Any CPU
		{90113E96-B6E2-42E5-855C-C729A7346DDA}.Release|Any CPU.Build.0 = Release|Any CPU
		{EB398B5F-BB48-46CC-9335-4FE6361FCFCE}.Debug|Any CPU.ActiveCfg = Debug|Any CPU
		{EB398B5F-BB48-46CC-9335-4FE6361FCFCE}.Debug|Any CPU.Build.0 = Debug|Any CPU
		{EB398B5F-BB48-46CC-9335-4FE6361FCFCE}.Release|Any CPU.ActiveCfg = Release|Any CPU
		{EB398B5F-BB48-46CC-9335-4FE6361FCFCE}.Release|Any CPU.Build.0 = Release|Any CPU
		{5A9517BF-06EE-48F5-BA04-42DF1C787BCF}.Debug|Any CPU.ActiveCfg = Debug|Any CPU
		{5A9517BF-06EE-48F5-BA04-42DF1C787BCF}.Debug|Any CPU.Build.0 = Debug|Any CPU
		{5A9517BF-06EE-48F5-BA04-42DF1C787BCF}.Release|Any CPU.ActiveCfg = Release|Any CPU
		{5A9517BF-06EE-48F5-BA04-42DF1C787BCF}.Release|Any CPU.Build.0 = Release|Any CPU
		{775E4969-2992-4885-B60B-913DB286F515}.Debug|Any CPU.ActiveCfg = Debug|Any CPU
		{775E4969-2992-4885-B60B-913DB286F515}.Debug|Any CPU.Build.0 = Debug|Any CPU
		{775E4969-2992-4885-B60B-913DB286F515}.Release|Any CPU.ActiveCfg = Release|Any CPU
		{775E4969-2992-4885-B60B-913DB286F515}.Release|Any CPU.Build.0 = Release|Any CPU
		{66F7D016-859A-4EDD-9089-C464E8943D1B}.Debug|Any CPU.ActiveCfg = Debug|Any CPU
		{66F7D016-859A-4EDD-9089-C464E8943D1B}.Debug|Any CPU.Build.0 = Debug|Any CPU
		{66F7D016-859A-4EDD-9089-C464E8943D1B}.Release|Any CPU.ActiveCfg = Release|Any CPU
		{66F7D016-859A-4EDD-9089-C464E8943D1B}.Release|Any CPU.Build.0 = Release|Any CPU
		{08043D0E-691A-4F86-BA2F-27B3971B8C40}.Debug|Any CPU.ActiveCfg = Debug|Any CPU
		{08043D0E-691A-4F86-BA2F-27B3971B8C40}.Debug|Any CPU.Build.0 = Debug|Any CPU
		{08043D0E-691A-4F86-BA2F-27B3971B8C40}.Release|Any CPU.ActiveCfg = Release|Any CPU
		{08043D0E-691A-4F86-BA2F-27B3971B8C40}.Release|Any CPU.Build.0 = Release|Any CPU
		{61A08BFB-63F1-4AC5-9888-117559C468BF}.Debug|Any CPU.ActiveCfg = Debug|Any CPU
		{61A08BFB-63F1-4AC5-9888-117559C468BF}.Debug|Any CPU.Build.0 = Debug|Any CPU
		{61A08BFB-63F1-4AC5-9888-117559C468BF}.Release|Any CPU.ActiveCfg = Release|Any CPU
		{61A08BFB-63F1-4AC5-9888-117559C468BF}.Release|Any CPU.Build.0 = Release|Any CPU
		{EB25D461-4F41-407C-8589-C349E8602BE2}.Debug|Any CPU.ActiveCfg = Debug|Any CPU
		{EB25D461-4F41-407C-8589-C349E8602BE2}.Debug|Any CPU.Build.0 = Debug|Any CPU
		{EB25D461-4F41-407C-8589-C349E8602BE2}.Release|Any CPU.ActiveCfg = Release|Any CPU
		{EB25D461-4F41-407C-8589-C349E8602BE2}.Release|Any CPU.Build.0 = Release|Any CPU
		{14993BC6-D301-4373-8FDB-743072A3B278}.Debug|Any CPU.ActiveCfg = Debug|Any CPU
		{14993BC6-D301-4373-8FDB-743072A3B278}.Debug|Any CPU.Build.0 = Debug|Any CPU
		{14993BC6-D301-4373-8FDB-743072A3B278}.Release|Any CPU.ActiveCfg = Release|Any CPU
		{14993BC6-D301-4373-8FDB-743072A3B278}.Release|Any CPU.Build.0 = Release|Any CPU
		{21DEBB7F-5993-41A4-BB6B-82161B6ACBD6}.Debug|Any CPU.ActiveCfg = Debug|Any CPU
		{21DEBB7F-5993-41A4-BB6B-82161B6ACBD6}.Debug|Any CPU.Build.0 = Debug|Any CPU
		{21DEBB7F-5993-41A4-BB6B-82161B6ACBD6}.Release|Any CPU.ActiveCfg = Release|Any CPU
		{21DEBB7F-5993-41A4-BB6B-82161B6ACBD6}.Release|Any CPU.Build.0 = Release|Any CPU
		{8522C534-6030-4CA7-A2C7-79643D6EC939}.Debug|Any CPU.ActiveCfg = Debug|Any CPU
		{8522C534-6030-4CA7-A2C7-79643D6EC939}.Debug|Any CPU.Build.0 = Debug|Any CPU
		{8522C534-6030-4CA7-A2C7-79643D6EC939}.Release|Any CPU.ActiveCfg = Release|Any CPU
		{8522C534-6030-4CA7-A2C7-79643D6EC939}.Release|Any CPU.Build.0 = Release|Any CPU
		{2BFACDC3-F44D-4199-8498-F5C3C4AC0335}.Debug|Any CPU.ActiveCfg = Debug|Any CPU
		{2BFACDC3-F44D-4199-8498-F5C3C4AC0335}.Debug|Any CPU.Build.0 = Debug|Any CPU
		{2BFACDC3-F44D-4199-8498-F5C3C4AC0335}.Release|Any CPU.ActiveCfg = Release|Any CPU
		{2BFACDC3-F44D-4199-8498-F5C3C4AC0335}.Release|Any CPU.Build.0 = Release|Any CPU
		{E461C0A8-8900-485C-B520-E929BA33F712}.Debug|Any CPU.ActiveCfg = Debug|Any CPU
		{E461C0A8-8900-485C-B520-E929BA33F712}.Debug|Any CPU.Build.0 = Debug|Any CPU
		{E461C0A8-8900-485C-B520-E929BA33F712}.Release|Any CPU.ActiveCfg = Release|Any CPU
		{E461C0A8-8900-485C-B520-E929BA33F712}.Release|Any CPU.Build.0 = Release|Any CPU
		{41DC0404-49F7-4EEB-9755-DDC195B14DA7}.Debug|Any CPU.ActiveCfg = Debug|Any CPU
		{41DC0404-49F7-4EEB-9755-DDC195B14DA7}.Debug|Any CPU.Build.0 = Debug|Any CPU
		{41DC0404-49F7-4EEB-9755-DDC195B14DA7}.Release|Any CPU.ActiveCfg = Release|Any CPU
		{41DC0404-49F7-4EEB-9755-DDC195B14DA7}.Release|Any CPU.Build.0 = Release|Any CPU
		{A5A90CD5-8EDE-40D8-ABE6-0D50AEA6DFAC}.Debug|Any CPU.ActiveCfg = Debug|Any CPU
		{A5A90CD5-8EDE-40D8-ABE6-0D50AEA6DFAC}.Debug|Any CPU.Build.0 = Debug|Any CPU
		{A5A90CD5-8EDE-40D8-ABE6-0D50AEA6DFAC}.Release|Any CPU.ActiveCfg = Release|Any CPU
		{A5A90CD5-8EDE-40D8-ABE6-0D50AEA6DFAC}.Release|Any CPU.Build.0 = Release|Any CPU
		{1A0A283C-6A05-4540-8B0A-57DA9C95C09A}.Debug|Any CPU.ActiveCfg = Debug|Any CPU
		{1A0A283C-6A05-4540-8B0A-57DA9C95C09A}.Debug|Any CPU.Build.0 = Debug|Any CPU
		{1A0A283C-6A05-4540-8B0A-57DA9C95C09A}.Release|Any CPU.ActiveCfg = Release|Any CPU
		{1A0A283C-6A05-4540-8B0A-57DA9C95C09A}.Release|Any CPU.Build.0 = Release|Any CPU
		{40784F93-6555-47CE-B247-89983733DEB2}.Debug|Any CPU.ActiveCfg = Debug|Any CPU
		{40784F93-6555-47CE-B247-89983733DEB2}.Debug|Any CPU.Build.0 = Debug|Any CPU
		{40784F93-6555-47CE-B247-89983733DEB2}.Release|Any CPU.ActiveCfg = Release|Any CPU
		{40784F93-6555-47CE-B247-89983733DEB2}.Release|Any CPU.Build.0 = Release|Any CPU
		{72B9C5A5-EF5D-4A5C-92E8-B1676A362744}.Debug|Any CPU.ActiveCfg = Debug|Any CPU
		{72B9C5A5-EF5D-4A5C-92E8-B1676A362744}.Debug|Any CPU.Build.0 = Debug|Any CPU
		{72B9C5A5-EF5D-4A5C-92E8-B1676A362744}.Release|Any CPU.ActiveCfg = Release|Any CPU
		{72B9C5A5-EF5D-4A5C-92E8-B1676A362744}.Release|Any CPU.Build.0 = Release|Any CPU
		{EA1646AB-6C84-461A-9C64-A63492837742}.Debug|Any CPU.ActiveCfg = Debug|Any CPU
		{EA1646AB-6C84-461A-9C64-A63492837742}.Debug|Any CPU.Build.0 = Debug|Any CPU
		{EA1646AB-6C84-461A-9C64-A63492837742}.Release|Any CPU.ActiveCfg = Release|Any CPU
		{EA1646AB-6C84-461A-9C64-A63492837742}.Release|Any CPU.Build.0 = Release|Any CPU
		{1DBC43B5-44E7-4D93-82E1-B7AE1F1537BB}.Debug|Any CPU.ActiveCfg = Debug|Any CPU
		{1DBC43B5-44E7-4D93-82E1-B7AE1F1537BB}.Debug|Any CPU.Build.0 = Debug|Any CPU
		{1DBC43B5-44E7-4D93-82E1-B7AE1F1537BB}.Release|Any CPU.ActiveCfg = Release|Any CPU
		{1DBC43B5-44E7-4D93-82E1-B7AE1F1537BB}.Release|Any CPU.Build.0 = Release|Any CPU
	EndGlobalSection
	GlobalSection(SolutionProperties) = preSolution
		HideSolutionNode = FALSE
	EndGlobalSection
	GlobalSection(NestedProjects) = preSolution
		{67372B28-31C8-4A82-955C-C8EAAFBF4BDB} = {0E928ACE-20FC-459C-941C-4054B5A6C4F9}
		{01A48FA4-DC52-41F2-9C71-FD7DB150B657} = {0E928ACE-20FC-459C-941C-4054B5A6C4F9}
		{2FDE33C5-FF08-4100-BDDF-709378E426BC} = {0E928ACE-20FC-459C-941C-4054B5A6C4F9}
		{C24292FF-083C-4FFD-A85E-36F2BBF54DDC} = {49148B35-F723-4BEC-81E4-D2703A8FB46A}
		{0CEB4293-C71A-4DF6-BE8D-D8ACF2FAC2D3} = {E999BFC9-0754-4425-8182-7D3E817F2D37}
		{C386E0AD-7853-4252-9720-1E4A0E8BC383} = {0CEB4293-C71A-4DF6-BE8D-D8ACF2FAC2D3}
		{B2680C9A-1E23-4481-B60F-A5AE13D67AFF} = {E999BFC9-0754-4425-8182-7D3E817F2D37}
		{32D9065A-EE15-4A2F-9140-142D915F8534} = {B2680C9A-1E23-4481-B60F-A5AE13D67AFF}
		{ACD40562-AC05-4C6F-8A6F-23F30FA9997E} = {E999BFC9-0754-4425-8182-7D3E817F2D37}
		{CBFF3A24-B20F-4439-A1A5-C93B6011EED2} = {ACD40562-AC05-4C6F-8A6F-23F30FA9997E}
		{9EFAC253-EEED-4289-927C-FD74528CD2FE} = {ACD40562-AC05-4C6F-8A6F-23F30FA9997E}
		{BA6387ED-F096-4D24-B4FE-4A0A94DDF37A} = {ACD40562-AC05-4C6F-8A6F-23F30FA9997E}
		{3ADC3F06-B2D2-4942-AFCE-5973B4B679F9} = {79A2F971-8FDD-4BC3-9679-BE9AD35C10E0}
		{49130605-E425-4B45-9726-A82E2869DDCF} = {79A2F971-8FDD-4BC3-9679-BE9AD35C10E0}
		{D4CE9A5E-1D2A-443C-883D-F944AB48C368} = {79A2F971-8FDD-4BC3-9679-BE9AD35C10E0}
		{719E9987-E6CB-4563-B45A-94D1F2E49475} = {79A2F971-8FDD-4BC3-9679-BE9AD35C10E0}
		{22E5EE6E-C4A9-4DCF-8A10-DE2486D2AF9B} = {719E9987-E6CB-4563-B45A-94D1F2E49475}
		{8107E347-BCC2-4413-9A4A-EF5E3CADE191} = {719E9987-E6CB-4563-B45A-94D1F2E49475}
		{CFCBE932-DC3D-416F-9540-8F024BF75801} = {7D4B2BDA-5CBD-4AB0-B046-DC1E739F22F7}
		{51DB40A2-ADD3-4CD8-8F2A-675B3589E1E7} = {CFCBE932-DC3D-416F-9540-8F024BF75801}
		{695D226C-6EFC-42E0-BBBC-82F2C0FC142C} = {7D4B2BDA-5CBD-4AB0-B046-DC1E739F22F7}
		{90113E96-B6E2-42E5-855C-C729A7346DDA} = {695D226C-6EFC-42E0-BBBC-82F2C0FC142C}
		{59E1AC66-A083-4EF7-8297-3C46810B3F77} = {7D4B2BDA-5CBD-4AB0-B046-DC1E739F22F7}
		{EB398B5F-BB48-46CC-9335-4FE6361FCFCE} = {59E1AC66-A083-4EF7-8297-3C46810B3F77}
		{CD23DBEC-BBA3-4426-B7F6-77AD14DD197D} = {332691F6-E80C-4BC3-B0FA-5B55EA2E7661}
		{5A9517BF-06EE-48F5-BA04-42DF1C787BCF} = {CD23DBEC-BBA3-4426-B7F6-77AD14DD197D}
		{775E4969-2992-4885-B60B-913DB286F515} = {CD23DBEC-BBA3-4426-B7F6-77AD14DD197D}
		{66F7D016-859A-4EDD-9089-C464E8943D1B} = {59E1AC66-A083-4EF7-8297-3C46810B3F77}
		{08043D0E-691A-4F86-BA2F-27B3971B8C40} = {CD23DBEC-BBA3-4426-B7F6-77AD14DD197D}
		{61A08BFB-63F1-4AC5-9888-117559C468BF} = {CD23DBEC-BBA3-4426-B7F6-77AD14DD197D}
		{EB25D461-4F41-407C-8589-C349E8602BE2} = {91E56F51-3B61-4484-8FF1-238F7CA9253E}
		{14993BC6-D301-4373-8FDB-743072A3B278} = {91E56F51-3B61-4484-8FF1-238F7CA9253E}
		{053CAB0E-C241-4462-9A01-5C146EF5618A} = {91E56F51-3B61-4484-8FF1-238F7CA9253E}
		{21DEBB7F-5993-41A4-BB6B-82161B6ACBD6} = {053CAB0E-C241-4462-9A01-5C146EF5618A}
		{8522C534-6030-4CA7-A2C7-79643D6EC939} = {053CAB0E-C241-4462-9A01-5C146EF5618A}
		{2BFACDC3-F44D-4199-8498-F5C3C4AC0335} = {0D5AB037-2D46-43D5-BBCA-ABE767F7F84E}
		{E461C0A8-8900-485C-B520-E929BA33F712} = {0D5AB037-2D46-43D5-BBCA-ABE767F7F84E}
		{41DC0404-49F7-4EEB-9755-DDC195B14DA7} = {CB086DC2-B18A-4921-A6AD-EFF43AC262E0}
		{A5A90CD5-8EDE-40D8-ABE6-0D50AEA6DFAC} = {CB086DC2-B18A-4921-A6AD-EFF43AC262E0}
		{640EAA7C-E37E-4DEE-87A0-2511FBD53A4C} = {CB086DC2-B18A-4921-A6AD-EFF43AC262E0}
		{1A0A283C-6A05-4540-8B0A-57DA9C95C09A} = {CB086DC2-B18A-4921-A6AD-EFF43AC262E0}
		{40784F93-6555-47CE-B247-89983733DEB2} = {640EAA7C-E37E-4DEE-87A0-2511FBD53A4C}
		{72B9C5A5-EF5D-4A5C-92E8-B1676A362744} = {640EAA7C-E37E-4DEE-87A0-2511FBD53A4C}
		{9FFE85EE-D681-431A-A40F-8AF989940960} = {C84A22CC-C782-490C-A20A-D004F62A2D12}
		{EA1646AB-6C84-461A-9C64-A63492837742} = {9FFE85EE-D681-431A-A40F-8AF989940960}
		{1DBC43B5-44E7-4D93-82E1-B7AE1F1537BB} = {9FFE85EE-D681-431A-A40F-8AF989940960}
	EndGlobalSection
	GlobalSection(ExtensibilityGlobals) = postSolution
		SolutionGuid = {BFD30E44-9D8B-492C-8644-A70755877279}
	EndGlobalSection
EndGlobal
