
Microsoft Visual Studio Solution File, Format Version 12.00
# Visual Studio Version 16
VisualStudioVersion = 16.0.32228.343
MinimumVisualStudioVersion = 10.0.40219.1
Project("{2150E333-8FDC-42A3-9474-1A3956D46DE8}") = "Sample", "Sample", "{0E928ACE-20FC-459C-941C-4054B5A6C4F9}"
EndProject
Project("{FAE04EC0-301F-11D3-BF4B-00C04F79EFBC}") = "ConsoleApp0411", "Sample\ConsoleApp0411\ConsoleApp0411.csproj", "{67372B28-31C8-4A82-955C-C8EAAFBF4BDB}"
EndProject
Project("{FAE04EC0-301F-11D3-BF4B-00C04F79EFBC}") = "WindowsFormsApp1", "Sample\WindowsFormsApp1\WindowsFormsApp1.csproj", "{01A48FA4-DC52-41F2-9C71-FD7DB150B657}"
EndProject
Project("{FAE04EC0-301F-11D3-BF4B-00C04F79EFBC}") = "BallApp", "Sample\BallApp\BallApp.csproj", "{2FDE33C5-FF08-4100-BDDF-709378E426BC}"
EndProject
Project("{2150E333-8FDC-42A3-9474-1A3956D46DE8}") = "chapter01", "chapter01", "{49148B35-F723-4BEC-81E4-D2703A8FB46A}"
EndProject
Project("{FAE04EC0-301F-11D3-BF4B-00C04F79EFBC}") = "ProductSample", "Chapter01\Product\ProductSample.csproj", "{C24292FF-083C-4FFD-A85E-36F2BBF54DDC}"
EndProject
Project("{2150E333-8FDC-42A3-9474-1A3956D46DE8}") = "chapter02", "chapter02", "{E999BFC9-0754-4425-8182-7D3E817F2D37}"
EndProject
Project("{2150E333-8FDC-42A3-9474-1A3956D46DE8}") = "距離換算プログラム", "距離換算プログラム", "{0CEB4293-C71A-4DF6-BE8D-D8ACF2FAC2D3}"
EndProject
Project("{FAE04EC0-301F-11D3-BF4B-00C04F79EFBC}") = "DistanceConverter", "Chapter02\距離換算プログラム\DistanceConverter\DistanceConverter.csproj", "{C386E0AD-7853-4252-9720-1E4A0E8BC383}"
EndProject
Project("{2150E333-8FDC-42A3-9474-1A3956D46DE8}") = "売上集計プログラム", "売上集計プログラム", "{B2680C9A-1E23-4481-B60F-A5AE13D67AFF}"
EndProject
Project("{FAE04EC0-301F-11D3-BF4B-00C04F79EFBC}") = "SalesCalculator", "Chapter02\売り上げ集計プログラム\SalesCalculator\SalesCalculator.csproj", "{32D9065A-EE15-4A2F-9140-142D915F8534}"
EndProject
Project("{2150E333-8FDC-42A3-9474-1A3956D46DE8}") = "演習問題", "演習問題", "{ACD40562-AC05-4C6F-8A6F-23F30FA9997E}"
EndProject
Project("{FAE04EC0-301F-11D3-BF4B-00C04F79EFBC}") = "Exercise01", "Chapter02\演習問題\Exercise01\Exercise01.csproj", "{CBFF3A24-B20F-4439-A1A5-C93B6011EED2}"
EndProject
Project("{FAE04EC0-301F-11D3-BF4B-00C04F79EFBC}") = "Exercise02", "Chapter02\演習問題\Exercise02\Exercise02.csproj", "{9EFAC253-EEED-4289-927C-FD74528CD2FE}"
EndProject
Project("{FAE04EC0-301F-11D3-BF4B-00C04F79EFBC}") = "Exercise03", "Chapter02\演習問題\Exercise03\Exercise03.csproj", "{BA6387ED-F096-4D24-B4FE-4A0A94DDF37A}"
EndProject
Project("{2150E333-8FDC-42A3-9474-1A3956D46DE8}") = "Chapter03", "Chapter03", "{79A2F971-8FDD-4BC3-9679-BE9AD35C10E0}"
EndProject
Project("{FAE04EC0-301F-11D3-BF4B-00C04F79EFBC}") = "Section01", "Chapter03\Section01\Section01.csproj", "{3ADC3F06-B2D2-4942-AFCE-5973B4B679F9}"
EndProject
Project("{FAE04EC0-301F-11D3-BF4B-00C04F79EFBC}") = "Section03", "Chapter03\Section03\Section03.csproj", "{49130605-E425-4B45-9726-A82E2869DDCF}"
EndProject
Project("{FAE04EC0-301F-11D3-BF4B-00C04F79EFBC}") = "Section04", "Chapter03\Section04\Section04.csproj", "{D4CE9A5E-1D2A-443C-883D-F944AB48C368}"
EndProject
Project("{2150E333-8FDC-42A3-9474-1A3956D46DE8}") = "演習問題", "演習問題", "{719E9987-E6CB-4563-B45A-94D1F2E49475}"
EndProject
Project("{FAE04EC0-301F-11D3-BF4B-00C04F79EFBC}") = "Exercise01", "Chapter03\演習問題\Exercise01\Exercise01.csproj", "{22E5EE6E-C4A9-4DCF-8A10-DE2486D2AF9B}"
EndProject
Project("{FAE04EC0-301F-11D3-BF4B-00C04F79EFBC}") = "Exercise02", "Chapter03\演習問題\Exercise02\Exercise02.csproj", "{8107E347-BCC2-4413-9A4A-EF5E3CADE191}"
EndProject
Global
	GlobalSection(SolutionConfigurationPlatforms) = preSolution
		Debug|Any CPU = Debug|Any CPU
		Release|Any CPU = Release|Any CPU
	EndGlobalSection
	GlobalSection(ProjectConfigurationPlatforms) = postSolution
		{67372B28-31C8-4A82-955C-C8EAAFBF4BDB}.Debug|Any CPU.ActiveCfg = Debug|Any CPU
		{67372B28-31C8-4A82-955C-C8EAAFBF4BDB}.Debug|Any CPU.Build.0 = Debug|Any CPU
		{67372B28-31C8-4A82-955C-C8EAAFBF4BDB}.Release|Any CPU.ActiveCfg = Release|Any CPU
		{67372B28-31C8-4A82-955C-C8EAAFBF4BDB}.Release|Any CPU.Build.0 = Release|Any CPU
		{01A48FA4-DC52-41F2-9C71-FD7DB150B657}.Debug|Any CPU.ActiveCfg = Debug|Any CPU
		{01A48FA4-DC52-41F2-9C71-FD7DB150B657}.Debug|Any CPU.Build.0 = Debug|Any CPU
		{01A48FA4-DC52-41F2-9C71-FD7DB150B657}.Release|Any CPU.ActiveCfg = Release|Any CPU
		{01A48FA4-DC52-41F2-9C71-FD7DB150B657}.Release|Any CPU.Build.0 = Release|Any CPU
		{2FDE33C5-FF08-4100-BDDF-709378E426BC}.Debug|Any CPU.ActiveCfg = Debug|Any CPU
		{2FDE33C5-FF08-4100-BDDF-709378E426BC}.Debug|Any CPU.Build.0 = Debug|Any CPU
		{2FDE33C5-FF08-4100-BDDF-709378E426BC}.Release|Any CPU.ActiveCfg = Release|Any CPU
		{2FDE33C5-FF08-4100-BDDF-709378E426BC}.Release|Any CPU.Build.0 = Release|Any CPU
		{C24292FF-083C-4FFD-A85E-36F2BBF54DDC}.Debug|Any CPU.ActiveCfg = Debug|Any CPU
		{C24292FF-083C-4FFD-A85E-36F2BBF54DDC}.Debug|Any CPU.Build.0 = Debug|Any CPU
		{C24292FF-083C-4FFD-A85E-36F2BBF54DDC}.Release|Any CPU.ActiveCfg = Release|Any CPU
		{C24292FF-083C-4FFD-A85E-36F2BBF54DDC}.Release|Any CPU.Build.0 = Release|Any CPU
		{C386E0AD-7853-4252-9720-1E4A0E8BC383}.Debug|Any CPU.ActiveCfg = Debug|Any CPU
		{C386E0AD-7853-4252-9720-1E4A0E8BC383}.Debug|Any CPU.Build.0 = Debug|Any CPU
		{C386E0AD-7853-4252-9720-1E4A0E8BC383}.Release|Any CPU.ActiveCfg = Release|Any CPU
		{C386E0AD-7853-4252-9720-1E4A0E8BC383}.Release|Any CPU.Build.0 = Release|Any CPU
		{32D9065A-EE15-4A2F-9140-142D915F8534}.Debug|Any CPU.ActiveCfg = Debug|Any CPU
		{32D9065A-EE15-4A2F-9140-142D915F8534}.Debug|Any CPU.Build.0 = Debug|Any CPU
		{32D9065A-EE15-4A2F-9140-142D915F8534}.Release|Any CPU.ActiveCfg = Release|Any CPU
		{32D9065A-EE15-4A2F-9140-142D915F8534}.Release|Any CPU.Build.0 = Release|Any CPU
		{CBFF3A24-B20F-4439-A1A5-C93B6011EED2}.Debug|Any CPU.ActiveCfg = Debug|Any CPU
		{CBFF3A24-B20F-4439-A1A5-C93B6011EED2}.Debug|Any CPU.Build.0 = Debug|Any CPU
		{CBFF3A24-B20F-4439-A1A5-C93B6011EED2}.Release|Any CPU.ActiveCfg = Release|Any CPU
		{CBFF3A24-B20F-4439-A1A5-C93B6011EED2}.Release|Any CPU.Build.0 = Release|Any CPU
		{9EFAC253-EEED-4289-927C-FD74528CD2FE}.Debug|Any CPU.ActiveCfg = Debug|Any CPU
		{9EFAC253-EEED-4289-927C-FD74528CD2FE}.Debug|Any CPU.Build.0 = Debug|Any CPU
		{9EFAC253-EEED-4289-927C-FD74528CD2FE}.Release|Any CPU.ActiveCfg = Release|Any CPU
		{9EFAC253-EEED-4289-927C-FD74528CD2FE}.Release|Any CPU.Build.0 = Release|Any CPU
		{BA6387ED-F096-4D24-B4FE-4A0A94DDF37A}.Debug|Any CPU.ActiveCfg = Debug|Any CPU
		{BA6387ED-F096-4D24-B4FE-4A0A94DDF37A}.Debug|Any CPU.Build.0 = Debug|Any CPU
		{BA6387ED-F096-4D24-B4FE-4A0A94DDF37A}.Release|Any CPU.ActiveCfg = Release|Any CPU
		{BA6387ED-F096-4D24-B4FE-4A0A94DDF37A}.Release|Any CPU.Build.0 = Release|Any CPU
		{3ADC3F06-B2D2-4942-AFCE-5973B4B679F9}.Debug|Any CPU.ActiveCfg = Debug|Any CPU
		{3ADC3F06-B2D2-4942-AFCE-5973B4B679F9}.Debug|Any CPU.Build.0 = Debug|Any CPU
		{3ADC3F06-B2D2-4942-AFCE-5973B4B679F9}.Release|Any CPU.ActiveCfg = Release|Any CPU
		{3ADC3F06-B2D2-4942-AFCE-5973B4B679F9}.Release|Any CPU.Build.0 = Release|Any CPU
		{49130605-E425-4B45-9726-A82E2869DDCF}.Debug|Any CPU.ActiveCfg = Debug|Any CPU
		{49130605-E425-4B45-9726-A82E2869DDCF}.Debug|Any CPU.Build.0 = Debug|Any CPU
		{49130605-E425-4B45-9726-A82E2869DDCF}.Release|Any CPU.ActiveCfg = Release|Any CPU
		{49130605-E425-4B45-9726-A82E2869DDCF}.Release|Any CPU.Build.0 = Release|Any CPU
		{D4CE9A5E-1D2A-443C-883D-F944AB48C368}.Debug|Any CPU.ActiveCfg = Debug|Any CPU
		{D4CE9A5E-1D2A-443C-883D-F944AB48C368}.Debug|Any CPU.Build.0 = Debug|Any CPU
		{D4CE9A5E-1D2A-443C-883D-F944AB48C368}.Release|Any CPU.ActiveCfg = Release|Any CPU
		{D4CE9A5E-1D2A-443C-883D-F944AB48C368}.Release|Any CPU.Build.0 = Release|Any CPU
		{22E5EE6E-C4A9-4DCF-8A10-DE2486D2AF9B}.Debug|Any CPU.ActiveCfg = Debug|Any CPU
		{22E5EE6E-C4A9-4DCF-8A10-DE2486D2AF9B}.Debug|Any CPU.Build.0 = Debug|Any CPU
		{22E5EE6E-C4A9-4DCF-8A10-DE2486D2AF9B}.Release|Any CPU.ActiveCfg = Release|Any CPU
		{22E5EE6E-C4A9-4DCF-8A10-DE2486D2AF9B}.Release|Any CPU.Build.0 = Release|Any CPU
		{8107E347-BCC2-4413-9A4A-EF5E3CADE191}.Debug|Any CPU.ActiveCfg = Debug|Any CPU
		{8107E347-BCC2-4413-9A4A-EF5E3CADE191}.Debug|Any CPU.Build.0 = Debug|Any CPU
		{8107E347-BCC2-4413-9A4A-EF5E3CADE191}.Release|Any CPU.ActiveCfg = Release|Any CPU
		{8107E347-BCC2-4413-9A4A-EF5E3CADE191}.Release|Any CPU.Build.0 = Release|Any CPU
	EndGlobalSection
	GlobalSection(SolutionProperties) = preSolution
		HideSolutionNode = FALSE
	EndGlobalSection
	GlobalSection(NestedProjects) = preSolution
		{67372B28-31C8-4A82-955C-C8EAAFBF4BDB} = {0E928ACE-20FC-459C-941C-4054B5A6C4F9}
		{01A48FA4-DC52-41F2-9C71-FD7DB150B657} = {0E928ACE-20FC-459C-941C-4054B5A6C4F9}
		{2FDE33C5-FF08-4100-BDDF-709378E426BC} = {0E928ACE-20FC-459C-941C-4054B5A6C4F9}
		{C24292FF-083C-4FFD-A85E-36F2BBF54DDC} = {49148B35-F723-4BEC-81E4-D2703A8FB46A}
		{0CEB4293-C71A-4DF6-BE8D-D8ACF2FAC2D3} = {E999BFC9-0754-4425-8182-7D3E817F2D37}
		{C386E0AD-7853-4252-9720-1E4A0E8BC383} = {0CEB4293-C71A-4DF6-BE8D-D8ACF2FAC2D3}
		{B2680C9A-1E23-4481-B60F-A5AE13D67AFF} = {E999BFC9-0754-4425-8182-7D3E817F2D37}
		{32D9065A-EE15-4A2F-9140-142D915F8534} = {B2680C9A-1E23-4481-B60F-A5AE13D67AFF}
		{ACD40562-AC05-4C6F-8A6F-23F30FA9997E} = {E999BFC9-0754-4425-8182-7D3E817F2D37}
		{CBFF3A24-B20F-4439-A1A5-C93B6011EED2} = {ACD40562-AC05-4C6F-8A6F-23F30FA9997E}
		{9EFAC253-EEED-4289-927C-FD74528CD2FE} = {ACD40562-AC05-4C6F-8A6F-23F30FA9997E}
		{BA6387ED-F096-4D24-B4FE-4A0A94DDF37A} = {ACD40562-AC05-4C6F-8A6F-23F30FA9997E}
		{3ADC3F06-B2D2-4942-AFCE-5973B4B679F9} = {79A2F971-8FDD-4BC3-9679-BE9AD35C10E0}
		{49130605-E425-4B45-9726-A82E2869DDCF} = {79A2F971-8FDD-4BC3-9679-BE9AD35C10E0}
		{D4CE9A5E-1D2A-443C-883D-F944AB48C368} = {79A2F971-8FDD-4BC3-9679-BE9AD35C10E0}
		{719E9987-E6CB-4563-B45A-94D1F2E49475} = {79A2F971-8FDD-4BC3-9679-BE9AD35C10E0}
		{22E5EE6E-C4A9-4DCF-8A10-DE2486D2AF9B} = {719E9987-E6CB-4563-B45A-94D1F2E49475}
		{8107E347-BCC2-4413-9A4A-EF5E3CADE191} = {719E9987-E6CB-4563-B45A-94D1F2E49475}
	EndGlobalSection
	GlobalSection(ExtensibilityGlobals) = postSolution
		SolutionGuid = {BFD30E44-9D8B-492C-8644-A70755877279}
	EndGlobalSection
EndGlobal
